
Microsoft Visual Studio Solution File, Format Version 12.00
# Visual Studio 2012
Project("{8BC9CEB8-8B4A-11D0-8D11-00A0C91BC942}") = "GroceryStoreSimulation", "GroceryStoreSimulation\GroceryStoreSimulation.vcxproj", "{50263D54-9F2B-45C5-B218-82864DF645B9}"
EndProject
Global
	GlobalSection(SolutionConfigurationPlatforms) = preSolution
		Debug|Win32 = Debug|Win32
		Release|Win32 = Release|Win32
	EndGlobalSection
	GlobalSection(ProjectConfigurationPlatforms) = postSolution
		{50263D54-9F2B-45C5-B218-82864DF645B9}.Debug|Win32.ActiveCfg = Debug|Win32
		{50263D54-9F2B-45C5-B218-82864DF645B9}.Debug|Win32.Build.0 = Debug|Win32
		{50263D54-9F2B-45C5-B218-82864DF645B9}.Release|Win32.ActiveCfg = Release|Win32
		{50263D54-9F2B-45C5-B218-82864DF645B9}.Release|Win32.Build.0 = Release|Win32
	EndGlobalSection
	GlobalSection(SolutionProperties) = preSolution
		HideSolutionNode = FALSE
	EndGlobalSection
EndGlobal
